
Microsoft Visual Studio Solution File, Format Version 12.00
# Visual Studio 15
VisualStudioVersion = 15.0.26730.3
MinimumVisualStudioVersion = 10.0.40219.1
Project("{2150E333-8FDC-42A3-9474-1A3956D46DE8}") = "src", "src", "{B58EF11F-E62B-4D8F-B0A3-C486CFEEC580}"
EndProject
Project("{9A19103F-16F7-4668-BE54-9A1E7A4F7556}") = "KAtext", "src\KAtext\KAtext.csproj", "{A71CBAA5-0948-4CA2-8306-CBF37E9F2702}"
EndProject
Global
	GlobalSection(SolutionConfigurationPlatforms) = preSolution
		Debug|Any CPU = Debug|Any CPU
		Release|Any CPU = Release|Any CPU
	EndGlobalSection
	GlobalSection(ProjectConfigurationPlatforms) = postSolution
		{A71CBAA5-0948-4CA2-8306-CBF37E9F2702}.Debug|Any CPU.ActiveCfg = Debug|Any CPU
		{A71CBAA5-0948-4CA2-8306-CBF37E9F2702}.Debug|Any CPU.Build.0 = Debug|Any CPU
		{A71CBAA5-0948-4CA2-8306-CBF37E9F2702}.Release|Any CPU.ActiveCfg = Release|Any CPU
		{A71CBAA5-0948-4CA2-8306-CBF37E9F2702}.Release|Any CPU.Build.0 = Release|Any CPU
	EndGlobalSection
	GlobalSection(SolutionProperties) = preSolution
		HideSolutionNode = FALSE
	EndGlobalSection
	GlobalSection(NestedProjects) = preSolution
		{A71CBAA5-0948-4CA2-8306-CBF37E9F2702} = {B58EF11F-E62B-4D8F-B0A3-C486CFEEC580}
	EndGlobalSection
	GlobalSection(ExtensibilityGlobals) = postSolution
		SolutionGuid = {A353DACE-DFC4-4F54-91B0-C1B184F116F6}
	EndGlobalSection
EndGlobal
